
Microsoft Visual Studio Solution File, Format Version 12.00
# Visual Studio Version 17
VisualStudioVersion = 17.14.36930.0 d17.14
MinimumVisualStudioVersion = 10.0.40219.1
Project("{FAE04EC0-301F-11D3-BF4B-00C04F79EFBC}") = "lab5_sort", "lab5_sort\lab5_sort.csproj", "{C1FAA2A0-B759-402E-AD25-2D8165E926AF}"
EndProject
Global
	GlobalSection(SolutionConfigurationPlatforms) = preSolution
		Debug|Any CPU = Debug|Any CPU
		Release|Any CPU = Release|Any CPU
	EndGlobalSection
	GlobalSection(ProjectConfigurationPlatforms) = postSolution
		{C1FAA2A0-B759-402E-AD25-2D8165E926AF}.Debug|Any CPU.ActiveCfg = Debug|Any CPU
		{C1FAA2A0-B759-402E-AD25-2D8165E926AF}.Debug|Any CPU.Build.0 = Debug|Any CPU
		{C1FAA2A0-B759-402E-AD25-2D8165E926AF}.Release|Any CPU.ActiveCfg = Release|Any CPU
		{C1FAA2A0-B759-402E-AD25-2D8165E926AF}.Release|Any CPU.Build.0 = Release|Any CPU
	EndGlobalSection
	GlobalSection(SolutionProperties) = preSolution
		HideSolutionNode = FALSE
	EndGlobalSection
	GlobalSection(ExtensibilityGlobals) = postSolution
		SolutionGuid = {616814CC-7593-42C7-9A42-5E972DF58FF7}
	EndGlobalSection
EndGlobal
